
Microsoft Visual Studio Solution File, Format Version 12.00
# Visual Studio Version 16
VisualStudioVersion = 16.0.29519.87
MinimumVisualStudioVersion = 10.0.40219.1
Project("{FAE04EC0-301F-11D3-BF4B-00C04F79EFBC}") = "ageebSoft.PassObjectToAspCoreAndReturnResult.WebAndApi", "ageebSoft.PassObjectToAspCoreAndReturnResult.WebAndApi\ageebSoft.PassObjectToAspCoreAndReturnResult.WebAndApi.csproj", "{D6AD2A71-A188-4BA9-BF35-946B10141CCA}"
EndProject
Global
	GlobalSection(SolutionConfigurationPlatforms) = preSolution
		Debug|Any CPU = Debug|Any CPU
		Release|Any CPU = Release|Any CPU
	EndGlobalSection
	GlobalSection(ProjectConfigurationPlatforms) = postSolution
		{D6AD2A71-A188-4BA9-BF35-946B10141CCA}.Debug|Any CPU.ActiveCfg = Debug|Any CPU
		{D6AD2A71-A188-4BA9-BF35-946B10141CCA}.Debug|Any CPU.Build.0 = Debug|Any CPU
		{D6AD2A71-A188-4BA9-BF35-946B10141CCA}.Release|Any CPU.ActiveCfg = Release|Any CPU
		{D6AD2A71-A188-4BA9-BF35-946B10141CCA}.Release|Any CPU.Build.0 = Release|Any CPU
	EndGlobalSection
	GlobalSection(SolutionProperties) = preSolution
		HideSolutionNode = FALSE
	EndGlobalSection
	GlobalSection(ExtensibilityGlobals) = postSolution
		SolutionGuid = {6F231A99-D937-44D2-91D7-779C7D61AA87}
	EndGlobalSection
EndGlobal
